
Microsoft Visual Studio Solution File, Format Version 12.00
# Visual Studio Version 16
VisualStudioVersion = 16.0.30204.135
MinimumVisualStudioVersion = 10.0.40219.1
Project("{9A19103F-16F7-4668-BE54-9A1E7A4F7556}") = "DemoHangfire.CLI", "DemoHangfire.CLI\DemoHangfire.CLI.csproj", "{BB39EFAB-7B50-4A0F-96E3-9892BCA49FD8}"
EndProject
Project("{2150E333-8FDC-42A3-9474-1A3956D46DE8}") = "Client", "Client", "{66EBA239-5D9B-4B96-ADEE-9D61469BDC78}"
EndProject
Project("{2150E333-8FDC-42A3-9474-1A3956D46DE8}") = "Server", "Server", "{44E0956A-965C-41F7-BC21-46A3E6A79B9B}"
EndProject
Project("{E53339B2-1760-4266-BCC7-CA923CBCF16C}") = "docker-compose", "docker-compose.dcproj", "{652A8C71-91A3-49A1-8ADE-7D430CA51682}"
EndProject
Project("{2150E333-8FDC-42A3-9474-1A3956D46DE8}") = "Database", "Database", "{623C993D-A2DA-4C24-ADB7-4B3A026B4A14}"
EndProject
Project("{00D1A9C2-B5F0-4AF3-8072-F6C62B433612}") = "DemoHangfire.MSSQL", "DemoHangfire.MSSQL\DemoHangfire.MSSQL.sqlproj", "{A56C3337-C589-4D15-9F94-3768AC274294}"
EndProject
Project("{2150E333-8FDC-42A3-9474-1A3956D46DE8}") = "Tasks", "Tasks", "{F7D1D9CD-E75F-48AB-BC76-30969088E7FB}"
EndProject
Project("{9A19103F-16F7-4668-BE54-9A1E7A4F7556}") = "DemoHangfire.Tasks", "DemoHangfire.Tasks\DemoHangfire.Tasks.csproj", "{BB9F6EEC-1560-4863-A14D-02D97F0B4030}"
EndProject
Project("{9A19103F-16F7-4668-BE54-9A1E7A4F7556}") = "DemoHangfire.Server", "DemoHangfire.Server\DemoHangfire.Server.csproj", "{7CC30BB3-A916-4652-9D7D-6896DFD282AA}"
EndProject
Project("{9A19103F-16F7-4668-BE54-9A1E7A4F7556}") = "DemoHangfire.Helpers", "DemoHangfire.Helpers\DemoHangfire.Helpers.csproj", "{1211C145-78B5-46B0-A207-B474B1EC2B74}"
EndProject
Project("{2150E333-8FDC-42A3-9474-1A3956D46DE8}") = "Dashboard", "Dashboard", "{9EB687D3-4E94-4B2E-A4E8-7F8BA219D6AC}"
EndProject
Project("{FAE04EC0-301F-11D3-BF4B-00C04F79EFBC}") = "DemoHangfire.Dashboard", "DemoHangfire.Dashboard\DemoHangfire.Dashboard.csproj", "{CD5D3A3B-4CEA-4FE0-96D7-7E1C0311B9B3}"
EndProject
Global
	GlobalSection(SolutionConfigurationPlatforms) = preSolution
		Debug|Any CPU = Debug|Any CPU
		Release|Any CPU = Release|Any CPU
	EndGlobalSection
	GlobalSection(ProjectConfigurationPlatforms) = postSolution
		{BB39EFAB-7B50-4A0F-96E3-9892BCA49FD8}.Debug|Any CPU.ActiveCfg = Debug|Any CPU
		{BB39EFAB-7B50-4A0F-96E3-9892BCA49FD8}.Debug|Any CPU.Build.0 = Debug|Any CPU
		{BB39EFAB-7B50-4A0F-96E3-9892BCA49FD8}.Release|Any CPU.ActiveCfg = Release|Any CPU
		{BB39EFAB-7B50-4A0F-96E3-9892BCA49FD8}.Release|Any CPU.Build.0 = Release|Any CPU
		{652A8C71-91A3-49A1-8ADE-7D430CA51682}.Debug|Any CPU.ActiveCfg = Debug|Any CPU
		{652A8C71-91A3-49A1-8ADE-7D430CA51682}.Debug|Any CPU.Build.0 = Debug|Any CPU
		{652A8C71-91A3-49A1-8ADE-7D430CA51682}.Release|Any CPU.ActiveCfg = Release|Any CPU
		{652A8C71-91A3-49A1-8ADE-7D430CA51682}.Release|Any CPU.Build.0 = Release|Any CPU
		{A56C3337-C589-4D15-9F94-3768AC274294}.Debug|Any CPU.ActiveCfg = Debug|Any CPU
		{A56C3337-C589-4D15-9F94-3768AC274294}.Debug|Any CPU.Build.0 = Debug|Any CPU
		{A56C3337-C589-4D15-9F94-3768AC274294}.Debug|Any CPU.Deploy.0 = Debug|Any CPU
		{A56C3337-C589-4D15-9F94-3768AC274294}.Release|Any CPU.ActiveCfg = Release|Any CPU
		{A56C3337-C589-4D15-9F94-3768AC274294}.Release|Any CPU.Build.0 = Release|Any CPU
		{A56C3337-C589-4D15-9F94-3768AC274294}.Release|Any CPU.Deploy.0 = Release|Any CPU
		{BB9F6EEC-1560-4863-A14D-02D97F0B4030}.Debug|Any CPU.ActiveCfg = Debug|Any CPU
		{BB9F6EEC-1560-4863-A14D-02D97F0B4030}.Debug|Any CPU.Build.0 = Debug|Any CPU
		{BB9F6EEC-1560-4863-A14D-02D97F0B4030}.Release|Any CPU.ActiveCfg = Release|Any CPU
		{BB9F6EEC-1560-4863-A14D-02D97F0B4030}.Release|Any CPU.Build.0 = Release|Any CPU
		{7CC30BB3-A916-4652-9D7D-6896DFD282AA}.Debug|Any CPU.ActiveCfg = Debug|Any CPU
		{7CC30BB3-A916-4652-9D7D-6896DFD282AA}.Debug|Any CPU.Build.0 = Debug|Any CPU
		{7CC30BB3-A916-4652-9D7D-6896DFD282AA}.Release|Any CPU.ActiveCfg = Release|Any CPU
		{7CC30BB3-A916-4652-9D7D-6896DFD282AA}.Release|Any CPU.Build.0 = Release|Any CPU
		{1211C145-78B5-46B0-A207-B474B1EC2B74}.Debug|Any CPU.ActiveCfg = Debug|Any CPU
		{1211C145-78B5-46B0-A207-B474B1EC2B74}.Debug|Any CPU.Build.0 = Debug|Any CPU
		{1211C145-78B5-46B0-A207-B474B1EC2B74}.Release|Any CPU.ActiveCfg = Release|Any CPU
		{1211C145-78B5-46B0-A207-B474B1EC2B74}.Release|Any CPU.Build.0 = Release|Any CPU
		{CD5D3A3B-4CEA-4FE0-96D7-7E1C0311B9B3}.Debug|Any CPU.ActiveCfg = Debug|Any CPU
		{CD5D3A3B-4CEA-4FE0-96D7-7E1C0311B9B3}.Debug|Any CPU.Build.0 = Debug|Any CPU
		{CD5D3A3B-4CEA-4FE0-96D7-7E1C0311B9B3}.Release|Any CPU.ActiveCfg = Release|Any CPU
		{CD5D3A3B-4CEA-4FE0-96D7-7E1C0311B9B3}.Release|Any CPU.Build.0 = Release|Any CPU
	EndGlobalSection
	GlobalSection(SolutionProperties) = preSolution
		HideSolutionNode = FALSE
	EndGlobalSection
	GlobalSection(NestedProjects) = preSolution
		{BB39EFAB-7B50-4A0F-96E3-9892BCA49FD8} = {66EBA239-5D9B-4B96-ADEE-9D61469BDC78}
		{A56C3337-C589-4D15-9F94-3768AC274294} = {623C993D-A2DA-4C24-ADB7-4B3A026B4A14}
		{BB9F6EEC-1560-4863-A14D-02D97F0B4030} = {F7D1D9CD-E75F-48AB-BC76-30969088E7FB}
		{7CC30BB3-A916-4652-9D7D-6896DFD282AA} = {44E0956A-965C-41F7-BC21-46A3E6A79B9B}
		{1211C145-78B5-46B0-A207-B474B1EC2B74} = {F7D1D9CD-E75F-48AB-BC76-30969088E7FB}
		{CD5D3A3B-4CEA-4FE0-96D7-7E1C0311B9B3} = {9EB687D3-4E94-4B2E-A4E8-7F8BA219D6AC}
	EndGlobalSection
	GlobalSection(ExtensibilityGlobals) = postSolution
		SolutionGuid = {79CE3417-C32C-4957-9FBB-2498B9236661}
	EndGlobalSection
EndGlobal
